// !$*UTF8*$!
{
	archiveVersion = 1;
	classes = {
	};
	objectVersion = 51;
	objects = {

/* Begin PBXBuildFile section */
		013BAC24F7AC722E59517CB110A9E685 /* HTTPMethod.swift in Sources */ = {isa = PBXBuildFile; fileRef = C58E43967B95CFC22534637359BC55E4 /* HTTPMethod.swift */; };
		0A1849775CF90D514963187D3A771CF8 /* Combine.swift in Sources */ = {isa = PBXBuildFile; fileRef = DE8167CBD019AA9591F60120CDB63675 /* Combine.swift */; };
		0A900DF17E3B64F08AF673E9A0DDD697 /* OperationQueue+Alamofire.swift in Sources */ = {isa = PBXBuildFile; fileRef = F7401A745668F54293887669D0ECA2CF /* OperationQueue+Alamofire.swift */; };
		1208E81DA8B532D0646D627B50290EB6 /* AFError.swift in Sources */ = {isa = PBXBuildFile; fileRef = 6D0A98131FCB6EAF62A53B19B28CAA25 /* AFError.swift */; };
		1942F7D3B7722A5637C3FC0BE44B1E6C /* SwiftyJSON-umbrella.h in Headers */ = {isa = PBXBuildFile; fileRef = B6B18429717C30D232E1EA53FA5CFEAB /* SwiftyJSON-umbrella.h */; settings = {ATTRIBUTES = (Public, ); }; };
		19D605A3233499828FB6B790869F3E9C /* NetworkReachabilityManager.swift in Sources */ = {isa = PBXBuildFile; fileRef = E2B7B994B3A45E30F8CD13A31134AD73 /* NetworkReachabilityManager.swift */; };
		212EDC48B68107BEA9247F3464CE696E /* StringEncoding+Alamofire.swift in Sources */ = {isa = PBXBuildFile; fileRef = 035F25C9147DCAE64908F6B25452B802 /* StringEncoding+Alamofire.swift */; };
		218C14EAE5AA31C30314AE0289B732A0 /* Protected.swift in Sources */ = {isa = PBXBuildFile; fileRef = 1685A786C89E0C5EA1691A264452E3D1 /* Protected.swift */; };
		23FFD3BAD0EE959220E580D6B879BDA6 /* Foundation.framework in Frameworks */ = {isa = PBXBuildFile; fileRef = FD0CE05D5D076B1B5190EE5DF97FD54E /* Foundation.framework */; };
		27E59A11A2743B0595CDE3A08675EAE1 /* DispatchQueue+Alamofire.swift in Sources */ = {isa = PBXBuildFile; fileRef = EF525E8FFC3F970A1E1D6C9FF9939F4C /* DispatchQueue+Alamofire.swift */; };
		29A8E049DEE0BFFA2D8A03A851329A44 /* Pods-Contacts-umbrella.h in Headers */ = {isa = PBXBuildFile; fileRef = 6B68290F709E6AF35D643A5F03533B58 /* Pods-Contacts-umbrella.h */; settings = {ATTRIBUTES = (Public, ); }; };
		2BF129A990D9356CCE2655BBDF2FA0E8 /* JSSAlertView-umbrella.h in Headers */ = {isa = PBXBuildFile; fileRef = FF0EC6DFE9E3A056978F21724CFCE4DB /* JSSAlertView-umbrella.h */; settings = {ATTRIBUTES = (Public, ); }; };
		2BF6FBC0A64BF107C5D64C61F1397770 /* SwiftyJSON-dummy.m in Sources */ = {isa = PBXBuildFile; fileRef = 3AE9D14571D36EDC596C0A19419EB070 /* SwiftyJSON-dummy.m */; };
		381FF05F8B4F611EE9C2FDBE4457BB89 /* SessionDelegate.swift in Sources */ = {isa = PBXBuildFile; fileRef = 537459740FC7AA72A15334640ADFB1E9 /* SessionDelegate.swift */; };
		45B8CC1C61E7A0BB28CFA8CE7C12FEBC /* MultipartFormData.swift in Sources */ = {isa = PBXBuildFile; fileRef = CB2DF7F4E22589E8458D5621DFA14794 /* MultipartFormData.swift */; };
		476D5F33E25386C60D6BD75C4FA97C67 /* Foundation.framework in Frameworks */ = {isa = PBXBuildFile; fileRef = FD0CE05D5D076B1B5190EE5DF97FD54E /* Foundation.framework */; };
		47FDBBBD2704901588C3A7C56BBC502D /* ServerTrustEvaluation.swift in Sources */ = {isa = PBXBuildFile; fileRef = AF71B12A862D44F20E7AB273DE989553 /* ServerTrustEvaluation.swift */; };
		4AEC050FA7D5ED52FDA9DF50EA3560DF /* ParameterEncoder.swift in Sources */ = {isa = PBXBuildFile; fileRef = AFE7E5E7059F8DF3F646E81488146916 /* ParameterEncoder.swift */; };
		6546D728B69398F93B506845141EBD61 /* EventMonitor.swift in Sources */ = {isa = PBXBuildFile; fileRef = 7D070E0C42AB8267E59DE603C86AFF44 /* EventMonitor.swift */; };
		666EC5C8356E6D4448A2FE7BEE77AD88 /* RedirectHandler.swift in Sources */ = {isa = PBXBuildFile; fileRef = 34D906DC27EC1A831E961372DD5554A6 /* RedirectHandler.swift */; };
		66B26C6CAE737EC21F4BA1F1851B69C5 /* Result+Alamofire.swift in Sources */ = {isa = PBXBuildFile; fileRef = DD43BBA803F36E47BDFAEF3AEB314A5C /* Result+Alamofire.swift */; };
		6AE407A4FB6C3D6ADD862CC6E3067A17 /* Session.swift in Sources */ = {isa = PBXBuildFile; fileRef = 3C0DC6828697E8DA6D40EA6F36F04162 /* Session.swift */; };
		6C08F6A77889651626583100F560153D /* RequestTaskMap.swift in Sources */ = {isa = PBXBuildFile; fileRef = 52B24A735CC2E3A766F7022E84069473 /* RequestTaskMap.swift */; };
		6E54F64E8DA73F4B0B46C216F9F93F63 /* RequestInterceptor.swift in Sources */ = {isa = PBXBuildFile; fileRef = F10AF0C4DD97E7B6E8AE2CB54079B81F /* RequestInterceptor.swift */; };
		72EC2712926E6D28B52360D9AC41668F /* AlamofireExtended.swift in Sources */ = {isa = PBXBuildFile; fileRef = 5D86DAE0AE6667AB833E73CCD382E695 /* AlamofireExtended.swift */; };
		7B4CE5C84161E2BFE477F42DFD634382 /* SwiftyJSON.swift in Sources */ = {isa = PBXBuildFile; fileRef = DF06DAE60F7E5CAD74D2C9387D7B009F /* SwiftyJSON.swift */; };
		7D3DD4A8BB36733BA15868F7FB8C56CE /* Alamofire-umbrella.h in Headers */ = {isa = PBXBuildFile; fileRef = 0641692BE4AAEAF258797578A21E3AEE /* Alamofire-umbrella.h */; settings = {ATTRIBUTES = (Public, ); }; };
		8AA937910F87915DE700CAB6C868689E /* Notifications.swift in Sources */ = {isa = PBXBuildFile; fileRef = 54464D2174F5E7B234C08469335273D0 /* Notifications.swift */; };
		911448B2EDA2FF880108F77642797A88 /* ResponseSerialization.swift in Sources */ = {isa = PBXBuildFile; fileRef = C795DCDA259C227EFF94E1F35C50D648 /* ResponseSerialization.swift */; };
		91B837CE0DCD8EDB300FCDFFA1279162 /* HTTPHeaders.swift in Sources */ = {isa = PBXBuildFile; fileRef = 113C358F6A50E4074025B90421A7E06D /* HTTPHeaders.swift */; };
		9A8CB365F5727DEB4619560067C87948 /* JSSAlertView+Timer.swift in Sources */ = {isa = PBXBuildFile; fileRef = 464BB8C25349587DE4F4C93FC2C58781 /* JSSAlertView+Timer.swift */; };
		9B1D8A7798D8A6F518FC9AF9725431D0 /* URLConvertible+URLRequestConvertible.swift in Sources */ = {isa = PBXBuildFile; fileRef = B4EF678F6E100FA1602775EB47768B56 /* URLConvertible+URLRequestConvertible.swift */; };
		9F07B2B06B928E4D4DF1EBCFF1238CB0 /* JSSAlertView+UIColor.swift in Sources */ = {isa = PBXBuildFile; fileRef = 7FC56F324BE83606CA263E3DECFF813F /* JSSAlertView+UIColor.swift */; };
		9FED70D1E1FBFB80E974E999EF732258 /* RetryPolicy.swift in Sources */ = {isa = PBXBuildFile; fileRef = 1C201113BF647BDA6E062F7DD788EB7E /* RetryPolicy.swift */; };
		A6C65A5FB1D81F36D8DBD1D247FC10D9 /* JSSAlertViewResponder.swift in Sources */ = {isa = PBXBuildFile; fileRef = 6E5F05ED0DD84016FF703B14172ABC42 /* JSSAlertViewResponder.swift */; };
		A9C7B29D4878F1690BBE3F8195CF0313 /* CFNetwork.framework in Frameworks */ = {isa = PBXBuildFile; fileRef = 8D3D57353834825F7B52B816066B7789 /* CFNetwork.framework */; };
		ABA85887A41495358C83CE3F3030EDEA /* CachedResponseHandler.swift in Sources */ = {isa = PBXBuildFile; fileRef = 08E07BDE4E64295D77372D8B986C9931 /* CachedResponseHandler.swift */; };
		ADC6A5509A6C282AABF349DECD2CD3E2 /* JSSAlertView-dummy.m in Sources */ = {isa = PBXBuildFile; fileRef = 59E1BBA8E690951BA631E7A28A9F0B91 /* JSSAlertView-dummy.m */; };
		BA49478D2EFC73FD5603E4AF8199F78B /* JSSAlertView+Predefined.swift in Sources */ = {isa = PBXBuildFile; fileRef = 1695A2D13CFDCF47E347CCB10489937D /* JSSAlertView+Predefined.swift */; };
		BA5C2C38646FF5EAACED596A43ED2212 /* Foundation.framework in Frameworks */ = {isa = PBXBuildFile; fileRef = FD0CE05D5D076B1B5190EE5DF97FD54E /* Foundation.framework */; };
		C1C5B050B55C15103ABC81769551A283 /* Response.swift in Sources */ = {isa = PBXBuildFile; fileRef = A83CE50A6819369E0ED967CA1F0DD488 /* Response.swift */; };
		C1F1DB6A9CBDE584D09BA1613AAD4F9D /* Alamofire.swift in Sources */ = {isa = PBXBuildFile; fileRef = 1E4AB881396063090179BC4D4A874643 /* Alamofire.swift */; };
		C297AC9431379391C114794AFD4F9778 /* Foundation.framework in Frameworks */ = {isa = PBXBuildFile; fileRef = FD0CE05D5D076B1B5190EE5DF97FD54E /* Foundation.framework */; };
		C6D5A4B4028B2C43380C9FA58BD5C8CA /* Alamofire-dummy.m in Sources */ = {isa = PBXBuildFile; fileRef = B614A7A832B3DE7A935D78C1F8F0E4EB /* Alamofire-dummy.m */; };
		CBB664C8E942BA54B66E4F2783644CFB /* Pods-Contacts-dummy.m in Sources */ = {isa = PBXBuildFile; fileRef = C0A11C79475E692F280E0B100395CD25 /* Pods-Contacts-dummy.m */; };
		D03F1F02DE8606E6057D57866611BEBF /* MultipartUpload.swift in Sources */ = {isa = PBXBuildFile; fileRef = E61CBA5B588EAB8276E66A78087ED392 /* MultipartUpload.swift */; };
		D14066FAE94E304798E43651E5886D13 /* ParameterEncoding.swift in Sources */ = {isa = PBXBuildFile; fileRef = 117366DDD4D28A8BA6365E27CA43C18C /* ParameterEncoding.swift */; };
		D31FC7FDD450C4CDD633ECBAD27C6221 /* URLEncodedFormEncoder.swift in Sources */ = {isa = PBXBuildFile; fileRef = 75002E0C255B5DE463FD7090747CA4FA /* URLEncodedFormEncoder.swift */; };
		D5EAAFB6FAD77A8F0699345149BA3CBB /* URLRequest+Alamofire.swift in Sources */ = {isa = PBXBuildFile; fileRef = F6542ACC1D9566700DCDAA160BAF3EE7 /* URLRequest+Alamofire.swift */; };
		DC627AFC5B585686898B014184AFCABD /* AuthenticationInterceptor.swift in Sources */ = {isa = PBXBuildFile; fileRef = 63A2614E05A91FD762394D4A69B7A290 /* AuthenticationInterceptor.swift */; };
		E290BEEEF28993C02FA19B53E89923D6 /* JSSAlertView.swift in Sources */ = {isa = PBXBuildFile; fileRef = C445948B87213EFF09115F013E2FEC71 /* JSSAlertView.swift */; };
		EDC93BD7B9262119AE145E4C7A9D0212 /* Request.swift in Sources */ = {isa = PBXBuildFile; fileRef = 1F301E0A208FF04A7336CFEEC9997141 /* Request.swift */; };
		F0F3224FF592F9BA2A044A2FC2BD4CCD /* Validation.swift in Sources */ = {isa = PBXBuildFile; fileRef = 03BC8AA71BFAE41850C5C63670823AA5 /* Validation.swift */; };
		F70EF854395CDE981A8336E4FF0310FE /* URLSessionConfiguration+Alamofire.swift in Sources */ = {isa = PBXBuildFile; fileRef = EA37B218B5412152CEBC567FAB1CA959 /* URLSessionConfiguration+Alamofire.swift */; };
/* End PBXBuildFile section */

/* Begin PBXContainerItemProxy section */
		1C7794B902234E2C2A3E24B4AF0BEE67 /* PBXContainerItemProxy */ = {
			isa = PBXContainerItemProxy;
			containerPortal = BFDFE7DC352907FC980B868725387E98 /* Project object */;
			proxyType = 1;
			remoteGlobalIDString = D118A6A04828FD3CDA8640CD2B6796D2;
			remoteInfo = SwiftyJSON;
		};
		9B6F5F48860B1641D173DBEEB8066CF6 /* PBXContainerItemProxy */ = {
			isa = PBXContainerItemProxy;
			containerPortal = BFDFE7DC352907FC980B868725387E98 /* Project object */;
			proxyType = 1;
			remoteGlobalIDString = EB818C20CD2A98FA37CAB3C5A6623BA2;
			remoteInfo = JSSAlertView;
		};
		A9518B4E74B05F4AF874CDCDDA5020B7 /* PBXContainerItemProxy */ = {
			isa = PBXContainerItemProxy;
			containerPortal = BFDFE7DC352907FC980B868725387E98 /* Project object */;
			proxyType = 1;
			remoteGlobalIDString = EAAA1AD3A8A1B59AB91319EE40752C6D;
			remoteInfo = Alamofire;
		};
/* End PBXContainerItemProxy section */

/* Begin PBXFileReference section */
		035F25C9147DCAE64908F6B25452B802 /* StringEncoding+Alamofire.swift */ = {isa = PBXFileReference; includeInIndex = 1; lastKnownFileType = sourcecode.swift; name = "StringEncoding+Alamofire.swift"; path = "Source/StringEncoding+Alamofire.swift"; sourceTree = "<group>"; };
		03BC8AA71BFAE41850C5C63670823AA5 /* Validation.swift */ = {isa = PBXFileReference; includeInIndex = 1; lastKnownFileType = sourcecode.swift; name = Validation.swift; path = Source/Validation.swift; sourceTree = "<group>"; };
		0641692BE4AAEAF258797578A21E3AEE /* Alamofire-umbrella.h */ = {isa = PBXFileReference; includeInIndex = 1; lastKnownFileType = sourcecode.c.h; path = "Alamofire-umbrella.h"; sourceTree = "<group>"; };
		08E07BDE4E64295D77372D8B986C9931 /* CachedResponseHandler.swift */ = {isa = PBXFileReference; includeInIndex = 1; lastKnownFileType = sourcecode.swift; name = CachedResponseHandler.swift; path = Source/CachedResponseHandler.swift; sourceTree = "<group>"; };
		113C358F6A50E4074025B90421A7E06D /* HTTPHeaders.swift */ = {isa = PBXFileReference; includeInIndex = 1; lastKnownFileType = sourcecode.swift; name = HTTPHeaders.swift; path = Source/HTTPHeaders.swift; sourceTree = "<group>"; };
		117366DDD4D28A8BA6365E27CA43C18C /* ParameterEncoding.swift */ = {isa = PBXFileReference; includeInIndex = 1; lastKnownFileType = sourcecode.swift; name = ParameterEncoding.swift; path = Source/ParameterEncoding.swift; sourceTree = "<group>"; };
		1685A786C89E0C5EA1691A264452E3D1 /* Protected.swift */ = {isa = PBXFileReference; includeInIndex = 1; lastKnownFileType = sourcecode.swift; name = Protected.swift; path = Source/Protected.swift; sourceTree = "<group>"; };
		1695A2D13CFDCF47E347CCB10489937D /* JSSAlertView+Predefined.swift */ = {isa = PBXFileReference; includeInIndex = 1; lastKnownFileType = sourcecode.swift; name = "JSSAlertView+Predefined.swift"; path = "JSSAlertView/Classes/JSSAlertView+Predefined.swift"; sourceTree = "<group>"; };
		1C201113BF647BDA6E062F7DD788EB7E /* RetryPolicy.swift */ = {isa = PBXFileReference; includeInIndex = 1; lastKnownFileType = sourcecode.swift; name = RetryPolicy.swift; path = Source/RetryPolicy.swift; sourceTree = "<group>"; };
		1E4AB881396063090179BC4D4A874643 /* Alamofire.swift */ = {isa = PBXFileReference; includeInIndex = 1; lastKnownFileType = sourcecode.swift; name = Alamofire.swift; path = Source/Alamofire.swift; sourceTree = "<group>"; };
		1F301E0A208FF04A7336CFEEC9997141 /* Request.swift */ = {isa = PBXFileReference; includeInIndex = 1; lastKnownFileType = sourcecode.swift; name = Request.swift; path = Source/Request.swift; sourceTree = "<group>"; };
		200B199C653B1A2E3DD2C62C71826918 /* SwiftyJSON-prefix.pch */ = {isa = PBXFileReference; includeInIndex = 1; lastKnownFileType = sourcecode.c.h; path = "SwiftyJSON-prefix.pch"; sourceTree = "<group>"; };
		34D906DC27EC1A831E961372DD5554A6 /* RedirectHandler.swift */ = {isa = PBXFileReference; includeInIndex = 1; lastKnownFileType = sourcecode.swift; name = RedirectHandler.swift; path = Source/RedirectHandler.swift; sourceTree = "<group>"; };
		3AE9D14571D36EDC596C0A19419EB070 /* SwiftyJSON-dummy.m */ = {isa = PBXFileReference; includeInIndex = 1; lastKnownFileType = sourcecode.c.objc; path = "SwiftyJSON-dummy.m"; sourceTree = "<group>"; };
		3C0DC6828697E8DA6D40EA6F36F04162 /* Session.swift */ = {isa = PBXFileReference; includeInIndex = 1; lastKnownFileType = sourcecode.swift; name = Session.swift; path = Source/Session.swift; sourceTree = "<group>"; };
		464BB8C25349587DE4F4C93FC2C58781 /* JSSAlertView+Timer.swift */ = {isa = PBXFileReference; includeInIndex = 1; lastKnownFileType = sourcecode.swift; name = "JSSAlertView+Timer.swift"; path = "JSSAlertView/Classes/JSSAlertView+Timer.swift"; sourceTree = "<group>"; };
		47B0AC3D4E7CDE8D807CAD1CF4D5BB20 /* JSSAlertView-Info.plist */ = {isa = PBXFileReference; includeInIndex = 1; lastKnownFileType = text.plist.xml; path = "JSSAlertView-Info.plist"; sourceTree = "<group>"; };
		4F23C071DCD82282F29B30B9776F1A19 /* SwiftyJSON-Info.plist */ = {isa = PBXFileReference; includeInIndex = 1; lastKnownFileType = text.plist.xml; path = "SwiftyJSON-Info.plist"; sourceTree = "<group>"; };
		52B24A735CC2E3A766F7022E84069473 /* RequestTaskMap.swift */ = {isa = PBXFileReference; includeInIndex = 1; lastKnownFileType = sourcecode.swift; name = RequestTaskMap.swift; path = Source/RequestTaskMap.swift; sourceTree = "<group>"; };
		537459740FC7AA72A15334640ADFB1E9 /* SessionDelegate.swift */ = {isa = PBXFileReference; includeInIndex = 1; lastKnownFileType = sourcecode.swift; name = SessionDelegate.swift; path = Source/SessionDelegate.swift; sourceTree = "<group>"; };
		54464D2174F5E7B234C08469335273D0 /* Notifications.swift */ = {isa = PBXFileReference; includeInIndex = 1; lastKnownFileType = sourcecode.swift; name = Notifications.swift; path = Source/Notifications.swift; sourceTree = "<group>"; };
		59E1BBA8E690951BA631E7A28A9F0B91 /* JSSAlertView-dummy.m */ = {isa = PBXFileReference; includeInIndex = 1; lastKnownFileType = sourcecode.c.objc; path = "JSSAlertView-dummy.m"; sourceTree = "<group>"; };
		5D797E9A5C5782CE845840781FA1CC81 /* Alamofire.framework */ = {isa = PBXFileReference; explicitFileType = wrapper.framework; includeInIndex = 0; name = Alamofire.framework; path = Alamofire.framework; sourceTree = BUILT_PRODUCTS_DIR; };
		5D86DAE0AE6667AB833E73CCD382E695 /* AlamofireExtended.swift */ = {isa = PBXFileReference; includeInIndex = 1; lastKnownFileType = sourcecode.swift; name = AlamofireExtended.swift; path = Source/AlamofireExtended.swift; sourceTree = "<group>"; };
		5F206DB0BDB3FB56E60383474C04D2DC /* Alamofire.modulemap */ = {isa = PBXFileReference; includeInIndex = 1; lastKnownFileType = sourcecode.module; path = Alamofire.modulemap; sourceTree = "<group>"; };
		63A2614E05A91FD762394D4A69B7A290 /* AuthenticationInterceptor.swift */ = {isa = PBXFileReference; includeInIndex = 1; lastKnownFileType = sourcecode.swift; name = AuthenticationInterceptor.swift; path = Source/AuthenticationInterceptor.swift; sourceTree = "<group>"; };
		678363C3ECE96EE0C2091391B583E955 /* Alamofire.release.xcconfig */ = {isa = PBXFileReference; includeInIndex = 1; lastKnownFileType = text.xcconfig; path = Alamofire.release.xcconfig; sourceTree = "<group>"; };
		6A3308505F6BBEC3EEA5487412D8A0C1 /* Pods-Contacts-acknowledgements.markdown */ = {isa = PBXFileReference; includeInIndex = 1; lastKnownFileType = text; path = "Pods-Contacts-acknowledgements.markdown"; sourceTree = "<group>"; };
		6B68290F709E6AF35D643A5F03533B58 /* Pods-Contacts-umbrella.h */ = {isa = PBXFileReference; includeInIndex = 1; lastKnownFileType = sourcecode.c.h; path = "Pods-Contacts-umbrella.h"; sourceTree = "<group>"; };
		6D0A98131FCB6EAF62A53B19B28CAA25 /* AFError.swift */ = {isa = PBXFileReference; includeInIndex = 1; lastKnownFileType = sourcecode.swift; name = AFError.swift; path = Source/AFError.swift; sourceTree = "<group>"; };
		6E5F05ED0DD84016FF703B14172ABC42 /* JSSAlertViewResponder.swift */ = {isa = PBXFileReference; includeInIndex = 1; lastKnownFileType = sourcecode.swift; name = JSSAlertViewResponder.swift; path = JSSAlertView/Classes/JSSAlertViewResponder.swift; sourceTree = "<group>"; };
		705CBB85A7F7CFC265F3D8818BA3D0B8 /* Pods-Contacts.modulemap */ = {isa = PBXFileReference; includeInIndex = 1; lastKnownFileType = sourcecode.module; path = "Pods-Contacts.modulemap"; sourceTree = "<group>"; };
		75002E0C255B5DE463FD7090747CA4FA /* URLEncodedFormEncoder.swift */ = {isa = PBXFileReference; includeInIndex = 1; lastKnownFileType = sourcecode.swift; name = URLEncodedFormEncoder.swift; path = Source/URLEncodedFormEncoder.swift; sourceTree = "<group>"; };
		7D070E0C42AB8267E59DE603C86AFF44 /* EventMonitor.swift */ = {isa = PBXFileReference; includeInIndex = 1; lastKnownFileType = sourcecode.swift; name = EventMonitor.swift; path = Source/EventMonitor.swift; sourceTree = "<group>"; };
		7FC56F324BE83606CA263E3DECFF813F /* JSSAlertView+UIColor.swift */ = {isa = PBXFileReference; includeInIndex = 1; lastKnownFileType = sourcecode.swift; name = "JSSAlertView+UIColor.swift"; path = "JSSAlertView/Classes/JSSAlertView+UIColor.swift"; sourceTree = "<group>"; };
		8C24F5550532186E504FFB5D0D573387 /* Pods-Contacts-frameworks.sh */ = {isa = PBXFileReference; includeInIndex = 1; lastKnownFileType = text.script.sh; path = "Pods-Contacts-frameworks.sh"; sourceTree = "<group>"; };
		8D3D57353834825F7B52B816066B7789 /* CFNetwork.framework */ = {isa = PBXFileReference; lastKnownFileType = wrapper.framework; name = CFNetwork.framework; path = Platforms/iPhoneOS.platform/Developer/SDKs/iPhoneOS14.0.sdk/System/Library/Frameworks/CFNetwork.framework; sourceTree = DEVELOPER_DIR; };
		9099BBA405B0C0ABDF51941137D5E11D /* SwiftyJSON.debug.xcconfig */ = {isa = PBXFileReference; includeInIndex = 1; lastKnownFileType = text.xcconfig; path = SwiftyJSON.debug.xcconfig; sourceTree = "<group>"; };
		9C4E5F72B41578CA8105C6B7C5C90008 /* SwiftyJSON.modulemap */ = {isa = PBXFileReference; includeInIndex = 1; lastKnownFileType = sourcecode.module; path = SwiftyJSON.modulemap; sourceTree = "<group>"; };
		9D940727FF8FB9C785EB98E56350EF41 /* Podfile */ = {isa = PBXFileReference; explicitFileType = text.script.ruby; includeInIndex = 1; indentWidth = 2; lastKnownFileType = text; name = Podfile; path = ../Podfile; sourceTree = SOURCE_ROOT; tabWidth = 2; xcLanguageSpecificationIdentifier = xcode.lang.ruby; };
		A18D35DDA2930DAD8089912D85969556 /* Pods_Contacts.framework */ = {isa = PBXFileReference; explicitFileType = wrapper.framework; includeInIndex = 0; name = Pods_Contacts.framework; path = "Pods-Contacts.framework"; sourceTree = BUILT_PRODUCTS_DIR; };
		A83CE50A6819369E0ED967CA1F0DD488 /* Response.swift */ = {isa = PBXFileReference; includeInIndex = 1; lastKnownFileType = sourcecode.swift; name = Response.swift; path = Source/Response.swift; sourceTree = "<group>"; };
		AF118948FB929B4A54D54FDFC2AE7D78 /* JSSAlertView.release.xcconfig */ = {isa = PBXFileReference; includeInIndex = 1; lastKnownFileType = text.xcconfig; path = JSSAlertView.release.xcconfig; sourceTree = "<group>"; };
		AF71B12A862D44F20E7AB273DE989553 /* ServerTrustEvaluation.swift */ = {isa = PBXFileReference; includeInIndex = 1; lastKnownFileType = sourcecode.swift; name = ServerTrustEvaluation.swift; path = Source/ServerTrustEvaluation.swift; sourceTree = "<group>"; };
		AFE7E5E7059F8DF3F646E81488146916 /* ParameterEncoder.swift */ = {isa = PBXFileReference; includeInIndex = 1; lastKnownFileType = sourcecode.swift; name = ParameterEncoder.swift; path = Source/ParameterEncoder.swift; sourceTree = "<group>"; };
		B1539A51B872F7F6FBEFAC0AEBB803DB /* Alamofire-prefix.pch */ = {isa = PBXFileReference; includeInIndex = 1; lastKnownFileType = sourcecode.c.h; path = "Alamofire-prefix.pch"; sourceTree = "<group>"; };
		B4EF678F6E100FA1602775EB47768B56 /* URLConvertible+URLRequestConvertible.swift */ = {isa = PBXFileReference; includeInIndex = 1; lastKnownFileType = sourcecode.swift; name = "URLConvertible+URLRequestConvertible.swift"; path = "Source/URLConvertible+URLRequestConvertible.swift"; sourceTree = "<group>"; };
		B614A7A832B3DE7A935D78C1F8F0E4EB /* Alamofire-dummy.m */ = {isa = PBXFileReference; includeInIndex = 1; lastKnownFileType = sourcecode.c.objc; path = "Alamofire-dummy.m"; sourceTree = "<group>"; };
		B6B18429717C30D232E1EA53FA5CFEAB /* SwiftyJSON-umbrella.h */ = {isa = PBXFileReference; includeInIndex = 1; lastKnownFileType = sourcecode.c.h; path = "SwiftyJSON-umbrella.h"; sourceTree = "<group>"; };
		BFCAE6FD846C129995DC09E21D1ACDBD /* Pods-Contacts.debug.xcconfig */ = {isa = PBXFileReference; includeInIndex = 1; lastKnownFileType = text.xcconfig; path = "Pods-Contacts.debug.xcconfig"; sourceTree = "<group>"; };
		C0A11C79475E692F280E0B100395CD25 /* Pods-Contacts-dummy.m */ = {isa = PBXFileReference; includeInIndex = 1; lastKnownFileType = sourcecode.c.objc; path = "Pods-Contacts-dummy.m"; sourceTree = "<group>"; };
		C445948B87213EFF09115F013E2FEC71 /* JSSAlertView.swift */ = {isa = PBXFileReference; includeInIndex = 1; lastKnownFileType = sourcecode.swift; name = JSSAlertView.swift; path = JSSAlertView/Classes/JSSAlertView.swift; sourceTree = "<group>"; };
		C58E43967B95CFC22534637359BC55E4 /* HTTPMethod.swift */ = {isa = PBXFileReference; includeInIndex = 1; lastKnownFileType = sourcecode.swift; name = HTTPMethod.swift; path = Source/HTTPMethod.swift; sourceTree = "<group>"; };
		C795DCDA259C227EFF94E1F35C50D648 /* ResponseSerialization.swift */ = {isa = PBXFileReference; includeInIndex = 1; lastKnownFileType = sourcecode.swift; name = ResponseSerialization.swift; path = Source/ResponseSerialization.swift; sourceTree = "<group>"; };
		CB2DF7F4E22589E8458D5621DFA14794 /* MultipartFormData.swift */ = {isa = PBXFileReference; includeInIndex = 1; lastKnownFileType = sourcecode.swift; name = MultipartFormData.swift; path = Source/MultipartFormData.swift; sourceTree = "<group>"; };
		D42F4ADF72F154B35F7191277F511FDF /* Alamofire-Info.plist */ = {isa = PBXFileReference; includeInIndex = 1; lastKnownFileType = text.plist.xml; path = "Alamofire-Info.plist"; sourceTree = "<group>"; };
		D6E23F8ADE55715D281CDBA26F8603B0 /* JSSAlertView.modulemap */ = {isa = PBXFileReference; includeInIndex = 1; lastKnownFileType = sourcecode.module; path = JSSAlertView.modulemap; sourceTree = "<group>"; };
		D748D1FE935A2F051EEE6E4334F22638 /* JSSAlertView.debug.xcconfig */ = {isa = PBXFileReference; includeInIndex = 1; lastKnownFileType = text.xcconfig; path = JSSAlertView.debug.xcconfig; sourceTree = "<group>"; };
		DD43BBA803F36E47BDFAEF3AEB314A5C /* Result+Alamofire.swift */ = {isa = PBXFileReference; includeInIndex = 1; lastKnownFileType = sourcecode.swift; name = "Result+Alamofire.swift"; path = "Source/Result+Alamofire.swift"; sourceTree = "<group>"; };
		DE8167CBD019AA9591F60120CDB63675 /* Combine.swift */ = {isa = PBXFileReference; includeInIndex = 1; lastKnownFileType = sourcecode.swift; name = Combine.swift; path = Source/Combine.swift; sourceTree = "<group>"; };
		DF06DAE60F7E5CAD74D2C9387D7B009F /* SwiftyJSON.swift */ = {isa = PBXFileReference; includeInIndex = 1; lastKnownFileType = sourcecode.swift; name = SwiftyJSON.swift; path = Source/SwiftyJSON/SwiftyJSON.swift; sourceTree = "<group>"; };
		DF2D09425149315CB94FEDA94D60097E /* JSSAlertView-prefix.pch */ = {isa = PBXFileReference; includeInIndex = 1; lastKnownFileType = sourcecode.c.h; path = "JSSAlertView-prefix.pch"; sourceTree = "<group>"; };
		DFB4BBE1F3E1336B7B47DE7E1D682714 /* Alamofire.debug.xcconfig */ = {isa = PBXFileReference; includeInIndex = 1; lastKnownFileType = text.xcconfig; path = Alamofire.debug.xcconfig; sourceTree = "<group>"; };
		DFF323B7E2D0BC9906FDF75B8A473ECE /* JSSAlertView.framework */ = {isa = PBXFileReference; explicitFileType = wrapper.framework; includeInIndex = 0; name = JSSAlertView.framework; path = JSSAlertView.framework; sourceTree = BUILT_PRODUCTS_DIR; };
		E142F8463A6ABB9554EB6FC9309A37C9 /* Pods-Contacts-Info.plist */ = {isa = PBXFileReference; includeInIndex = 1; lastKnownFileType = text.plist.xml; path = "Pods-Contacts-Info.plist"; sourceTree = "<group>"; };
		E23C076BA70925415F490FEDB215DA92 /* SwiftyJSON.framework */ = {isa = PBXFileReference; explicitFileType = wrapper.framework; includeInIndex = 0; name = SwiftyJSON.framework; path = SwiftyJSON.framework; sourceTree = BUILT_PRODUCTS_DIR; };
		E2B7B994B3A45E30F8CD13A31134AD73 /* NetworkReachabilityManager.swift */ = {isa = PBXFileReference; includeInIndex = 1; lastKnownFileType = sourcecode.swift; name = NetworkReachabilityManager.swift; path = Source/NetworkReachabilityManager.swift; sourceTree = "<group>"; };
		E61CBA5B588EAB8276E66A78087ED392 /* MultipartUpload.swift */ = {isa = PBXFileReference; includeInIndex = 1; lastKnownFileType = sourcecode.swift; name = MultipartUpload.swift; path = Source/MultipartUpload.swift; sourceTree = "<group>"; };
		EA37B218B5412152CEBC567FAB1CA959 /* URLSessionConfiguration+Alamofire.swift */ = {isa = PBXFileReference; includeInIndex = 1; lastKnownFileType = sourcecode.swift; name = "URLSessionConfiguration+Alamofire.swift"; path = "Source/URLSessionConfiguration+Alamofire.swift"; sourceTree = "<group>"; };
		ECAC935521F44029D1B15F5C7B17AB1C /* Pods-Contacts.release.xcconfig */ = {isa = PBXFileReference; includeInIndex = 1; lastKnownFileType = text.xcconfig; path = "Pods-Contacts.release.xcconfig"; sourceTree = "<group>"; };
		EF525E8FFC3F970A1E1D6C9FF9939F4C /* DispatchQueue+Alamofire.swift */ = {isa = PBXFileReference; includeInIndex = 1; lastKnownFileType = sourcecode.swift; name = "DispatchQueue+Alamofire.swift"; path = "Source/DispatchQueue+Alamofire.swift"; sourceTree = "<group>"; };
		EFD53CC0CCC7BC4A8E846D46938CADE0 /* Pods-Contacts-acknowledgements.plist */ = {isa = PBXFileReference; includeInIndex = 1; lastKnownFileType = text.plist.xml; path = "Pods-Contacts-acknowledgements.plist"; sourceTree = "<group>"; };
		F10AF0C4DD97E7B6E8AE2CB54079B81F /* RequestInterceptor.swift */ = {isa = PBXFileReference; includeInIndex = 1; lastKnownFileType = sourcecode.swift; name = RequestInterceptor.swift; path = Source/RequestInterceptor.swift; sourceTree = "<group>"; };
		F3CE32F5D30B471E34CBA3AA9BCDA6C2 /* SwiftyJSON.release.xcconfig */ = {isa = PBXFileReference; includeInIndex = 1; lastKnownFileType = text.xcconfig; path = SwiftyJSON.release.xcconfig; sourceTree = "<group>"; };
		F6542ACC1D9566700DCDAA160BAF3EE7 /* URLRequest+Alamofire.swift */ = {isa = PBXFileReference; includeInIndex = 1; lastKnownFileType = sourcecode.swift; name = "URLRequest+Alamofire.swift"; path = "Source/URLRequest+Alamofire.swift"; sourceTree = "<group>"; };
		F7401A745668F54293887669D0ECA2CF /* OperationQueue+Alamofire.swift */ = {isa = PBXFileReference; includeInIndex = 1; lastKnownFileType = sourcecode.swift; name = "OperationQueue+Alamofire.swift"; path = "Source/OperationQueue+Alamofire.swift"; sourceTree = "<group>"; };
		FD0CE05D5D076B1B5190EE5DF97FD54E /* Foundation.framework */ = {isa = PBXFileReference; lastKnownFileType = wrapper.framework; name = Foundation.framework; path = Platforms/iPhoneOS.platform/Developer/SDKs/iPhoneOS14.0.sdk/System/Library/Frameworks/Foundation.framework; sourceTree = DEVELOPER_DIR; };
		FF0EC6DFE9E3A056978F21724CFCE4DB /* JSSAlertView-umbrella.h */ = {isa = PBXFileReference; includeInIndex = 1; lastKnownFileType = sourcecode.c.h; path = "JSSAlertView-umbrella.h"; sourceTree = "<group>"; };
/* End PBXFileReference section */

/* Begin PBXFrameworksBuildPhase section */
		4C0D0305B5FB151B1FCE75C287AC724C /* Frameworks */ = {
			isa = PBXFrameworksBuildPhase;
			buildActionMask = 2147483647;
			files = (
				23FFD3BAD0EE959220E580D6B879BDA6 /* Foundation.framework in Frameworks */,
			);
			runOnlyForDeploymentPostprocessing = 0;
		};
		9590D3FE7A79CD7CBEE3F346E8C19D4D /* Frameworks */ = {
			isa = PBXFrameworksBuildPhase;
			buildActionMask = 2147483647;
			files = (
				A9C7B29D4878F1690BBE3F8195CF0313 /* CFNetwork.framework in Frameworks */,
				476D5F33E25386C60D6BD75C4FA97C67 /* Foundation.framework in Frameworks */,
			);
			runOnlyForDeploymentPostprocessing = 0;
		};
		95FCCE9237EC898A2CC998E12B6C4691 /* Frameworks */ = {
			isa = PBXFrameworksBuildPhase;
			buildActionMask = 2147483647;
			files = (
				BA5C2C38646FF5EAACED596A43ED2212 /* Foundation.framework in Frameworks */,
			);
			runOnlyForDeploymentPostprocessing = 0;
		};
		AD9C5A8DAF4334B670E91B2EC08DBE2C /* Frameworks */ = {
			isa = PBXFrameworksBuildPhase;
			buildActionMask = 2147483647;
			files = (
				C297AC9431379391C114794AFD4F9778 /* Foundation.framework in Frameworks */,
			);
			runOnlyForDeploymentPostprocessing = 0;
		};
/* End PBXFrameworksBuildPhase section */

/* Begin PBXGroup section */
		1628BF05B4CAFDCC3549A101F5A10A17 /* Frameworks */ = {
			isa = PBXGroup;
			children = (
				61C8CC330A5CA84DA2F5F1D32AB07069 /* iOS */,
			);
			name = Frameworks;
			sourceTree = "<group>";
		};
		23936ACD04BBAE9FAD960531EE0FEF17 /* Support Files */ = {
			isa = PBXGroup;
			children = (
				5F206DB0BDB3FB56E60383474C04D2DC /* Alamofire.modulemap */,
				B614A7A832B3DE7A935D78C1F8F0E4EB /* Alamofire-dummy.m */,
				D42F4ADF72F154B35F7191277F511FDF /* Alamofire-Info.plist */,
				B1539A51B872F7F6FBEFAC0AEBB803DB /* Alamofire-prefix.pch */,
				0641692BE4AAEAF258797578A21E3AEE /* Alamofire-umbrella.h */,
				DFB4BBE1F3E1336B7B47DE7E1D682714 /* Alamofire.debug.xcconfig */,
				678363C3ECE96EE0C2091391B583E955 /* Alamofire.release.xcconfig */,
			);
			name = "Support Files";
			path = "../Target Support Files/Alamofire";
			sourceTree = "<group>";
		};
		3821937A13C3DC22C1F9BA9CEAE16D1E /* Alamofire */ = {
			isa = PBXGroup;
			children = (
				6D0A98131FCB6EAF62A53B19B28CAA25 /* AFError.swift */,
				1E4AB881396063090179BC4D4A874643 /* Alamofire.swift */,
				5D86DAE0AE6667AB833E73CCD382E695 /* AlamofireExtended.swift */,
				63A2614E05A91FD762394D4A69B7A290 /* AuthenticationInterceptor.swift */,
				08E07BDE4E64295D77372D8B986C9931 /* CachedResponseHandler.swift */,
				DE8167CBD019AA9591F60120CDB63675 /* Combine.swift */,
				EF525E8FFC3F970A1E1D6C9FF9939F4C /* DispatchQueue+Alamofire.swift */,
				7D070E0C42AB8267E59DE603C86AFF44 /* EventMonitor.swift */,
				113C358F6A50E4074025B90421A7E06D /* HTTPHeaders.swift */,
				C58E43967B95CFC22534637359BC55E4 /* HTTPMethod.swift */,
				CB2DF7F4E22589E8458D5621DFA14794 /* MultipartFormData.swift */,
				E61CBA5B588EAB8276E66A78087ED392 /* MultipartUpload.swift */,
				E2B7B994B3A45E30F8CD13A31134AD73 /* NetworkReachabilityManager.swift */,
				54464D2174F5E7B234C08469335273D0 /* Notifications.swift */,
				F7401A745668F54293887669D0ECA2CF /* OperationQueue+Alamofire.swift */,
				AFE7E5E7059F8DF3F646E81488146916 /* ParameterEncoder.swift */,
				117366DDD4D28A8BA6365E27CA43C18C /* ParameterEncoding.swift */,
				1685A786C89E0C5EA1691A264452E3D1 /* Protected.swift */,
				34D906DC27EC1A831E961372DD5554A6 /* RedirectHandler.swift */,
				1F301E0A208FF04A7336CFEEC9997141 /* Request.swift */,
				F10AF0C4DD97E7B6E8AE2CB54079B81F /* RequestInterceptor.swift */,
				52B24A735CC2E3A766F7022E84069473 /* RequestTaskMap.swift */,
				A83CE50A6819369E0ED967CA1F0DD488 /* Response.swift */,
				C795DCDA259C227EFF94E1F35C50D648 /* ResponseSerialization.swift */,
				DD43BBA803F36E47BDFAEF3AEB314A5C /* Result+Alamofire.swift */,
				1C201113BF647BDA6E062F7DD788EB7E /* RetryPolicy.swift */,
				AF71B12A862D44F20E7AB273DE989553 /* ServerTrustEvaluation.swift */,
				3C0DC6828697E8DA6D40EA6F36F04162 /* Session.swift */,
				537459740FC7AA72A15334640ADFB1E9 /* SessionDelegate.swift */,
				035F25C9147DCAE64908F6B25452B802 /* StringEncoding+Alamofire.swift */,
				B4EF678F6E100FA1602775EB47768B56 /* URLConvertible+URLRequestConvertible.swift */,
				75002E0C255B5DE463FD7090747CA4FA /* URLEncodedFormEncoder.swift */,
				F6542ACC1D9566700DCDAA160BAF3EE7 /* URLRequest+Alamofire.swift */,
				EA37B218B5412152CEBC567FAB1CA959 /* URLSessionConfiguration+Alamofire.swift */,
				03BC8AA71BFAE41850C5C63670823AA5 /* Validation.swift */,
				23936ACD04BBAE9FAD960531EE0FEF17 /* Support Files */,
			);
			name = Alamofire;
			path = Alamofire;
			sourceTree = "<group>";
		};
		3888FF17C21CCB526863222688EED033 /* JSSAlertView */ = {
			isa = PBXGroup;
			children = (
				C445948B87213EFF09115F013E2FEC71 /* JSSAlertView.swift */,
				1695A2D13CFDCF47E347CCB10489937D /* JSSAlertView+Predefined.swift */,
				464BB8C25349587DE4F4C93FC2C58781 /* JSSAlertView+Timer.swift */,
				7FC56F324BE83606CA263E3DECFF813F /* JSSAlertView+UIColor.swift */,
				6E5F05ED0DD84016FF703B14172ABC42 /* JSSAlertViewResponder.swift */,
				396DC1D3C9BBDDC30C9F4E12F30A0A4B /* Support Files */,
			);
			name = JSSAlertView;
			path = JSSAlertView;
			sourceTree = "<group>";
		};
		396DC1D3C9BBDDC30C9F4E12F30A0A4B /* Support Files */ = {
			isa = PBXGroup;
			children = (
				D6E23F8ADE55715D281CDBA26F8603B0 /* JSSAlertView.modulemap */,
				59E1BBA8E690951BA631E7A28A9F0B91 /* JSSAlertView-dummy.m */,
				47B0AC3D4E7CDE8D807CAD1CF4D5BB20 /* JSSAlertView-Info.plist */,
				DF2D09425149315CB94FEDA94D60097E /* JSSAlertView-prefix.pch */,
				FF0EC6DFE9E3A056978F21724CFCE4DB /* JSSAlertView-umbrella.h */,
				D748D1FE935A2F051EEE6E4334F22638 /* JSSAlertView.debug.xcconfig */,
				AF118948FB929B4A54D54FDFC2AE7D78 /* JSSAlertView.release.xcconfig */,
			);
			name = "Support Files";
			path = "../Target Support Files/JSSAlertView";
			sourceTree = "<group>";
		};
		439BA35612193FDB5873EAF8B2B7D01B /* SwiftyJSON */ = {
			isa = PBXGroup;
			children = (
				DF06DAE60F7E5CAD74D2C9387D7B009F /* SwiftyJSON.swift */,
				838019B7A1075BBCEBD69DFB305A5A74 /* Support Files */,
			);
			name = SwiftyJSON;
			path = SwiftyJSON;
			sourceTree = "<group>";
		};
		61C8CC330A5CA84DA2F5F1D32AB07069 /* iOS */ = {
			isa = PBXGroup;
			children = (
				8D3D57353834825F7B52B816066B7789 /* CFNetwork.framework */,
				FD0CE05D5D076B1B5190EE5DF97FD54E /* Foundation.framework */,
			);
			name = iOS;
			sourceTree = "<group>";
		};
		6DDDAE9630DC197FADDA49B1A218F8D6 /* Targets Support Files */ = {
			isa = PBXGroup;
			children = (
				848599F94D9ACE2F11571F84D649A007 /* Pods-Contacts */,
			);
			name = "Targets Support Files";
			sourceTree = "<group>";
		};
		7C69B0AD771BFBBEEBE8D21E4BB205D0 /* Products */ = {
			isa = PBXGroup;
			children = (
				5D797E9A5C5782CE845840781FA1CC81 /* Alamofire.framework */,
				DFF323B7E2D0BC9906FDF75B8A473ECE /* JSSAlertView.framework */,
				A18D35DDA2930DAD8089912D85969556 /* Pods_Contacts.framework */,
				E23C076BA70925415F490FEDB215DA92 /* SwiftyJSON.framework */,
			);
			name = Products;
			sourceTree = "<group>";
		};
		838019B7A1075BBCEBD69DFB305A5A74 /* Support Files */ = {
			isa = PBXGroup;
			children = (
				9C4E5F72B41578CA8105C6B7C5C90008 /* SwiftyJSON.modulemap */,
				3AE9D14571D36EDC596C0A19419EB070 /* SwiftyJSON-dummy.m */,
				4F23C071DCD82282F29B30B9776F1A19 /* SwiftyJSON-Info.plist */,
				200B199C653B1A2E3DD2C62C71826918 /* SwiftyJSON-prefix.pch */,
				B6B18429717C30D232E1EA53FA5CFEAB /* SwiftyJSON-umbrella.h */,
				9099BBA405B0C0ABDF51941137D5E11D /* SwiftyJSON.debug.xcconfig */,
				F3CE32F5D30B471E34CBA3AA9BCDA6C2 /* SwiftyJSON.release.xcconfig */,
			);
			name = "Support Files";
			path = "../Target Support Files/SwiftyJSON";
			sourceTree = "<group>";
		};
		848599F94D9ACE2F11571F84D649A007 /* Pods-Contacts */ = {
			isa = PBXGroup;
			children = (
				705CBB85A7F7CFC265F3D8818BA3D0B8 /* Pods-Contacts.modulemap */,
				6A3308505F6BBEC3EEA5487412D8A0C1 /* Pods-Contacts-acknowledgements.markdown */,
				EFD53CC0CCC7BC4A8E846D46938CADE0 /* Pods-Contacts-acknowledgements.plist */,
				C0A11C79475E692F280E0B100395CD25 /* Pods-Contacts-dummy.m */,
				8C24F5550532186E504FFB5D0D573387 /* Pods-Contacts-frameworks.sh */,
				E142F8463A6ABB9554EB6FC9309A37C9 /* Pods-Contacts-Info.plist */,
				6B68290F709E6AF35D643A5F03533B58 /* Pods-Contacts-umbrella.h */,
				BFCAE6FD846C129995DC09E21D1ACDBD /* Pods-Contacts.debug.xcconfig */,
				ECAC935521F44029D1B15F5C7B17AB1C /* Pods-Contacts.release.xcconfig */,
			);
			name = "Pods-Contacts";
			path = "Target Support Files/Pods-Contacts";
			sourceTree = "<group>";
		};
		CF1408CF629C7361332E53B88F7BD30C = {
			isa = PBXGroup;
			children = (
				9D940727FF8FB9C785EB98E56350EF41 /* Podfile */,
				1628BF05B4CAFDCC3549A101F5A10A17 /* Frameworks */,
				F707C2DD16CEDA50185AF94E0B35D435 /* Pods */,
				7C69B0AD771BFBBEEBE8D21E4BB205D0 /* Products */,
				6DDDAE9630DC197FADDA49B1A218F8D6 /* Targets Support Files */,
			);
			sourceTree = "<group>";
		};
		F707C2DD16CEDA50185AF94E0B35D435 /* Pods */ = {
			isa = PBXGroup;
			children = (
				3821937A13C3DC22C1F9BA9CEAE16D1E /* Alamofire */,
				3888FF17C21CCB526863222688EED033 /* JSSAlertView */,
				439BA35612193FDB5873EAF8B2B7D01B /* SwiftyJSON */,
			);
			name = Pods;
			sourceTree = "<group>";
		};
/* End PBXGroup section */

/* Begin PBXHeadersBuildPhase section */
		09AA2919CEFD1CD452F3229470782F5F /* Headers */ = {
			isa = PBXHeadersBuildPhase;
			buildActionMask = 2147483647;
			files = (
				2BF129A990D9356CCE2655BBDF2FA0E8 /* JSSAlertView-umbrella.h in Headers */,
			);
			runOnlyForDeploymentPostprocessing = 0;
		};
		1061BB10C9320F3E4D3573B4FFBDE00C /* Headers */ = {
			isa = PBXHeadersBuildPhase;
			buildActionMask = 2147483647;
			files = (
				29A8E049DEE0BFFA2D8A03A851329A44 /* Pods-Contacts-umbrella.h in Headers */,
			);
			runOnlyForDeploymentPostprocessing = 0;
		};
		3D7DD627DB5C5AD636646E57B685AFB2 /* Headers */ = {
			isa = PBXHeadersBuildPhase;
			buildActionMask = 2147483647;
			files = (
				1942F7D3B7722A5637C3FC0BE44B1E6C /* SwiftyJSON-umbrella.h in Headers */,
			);
			runOnlyForDeploymentPostprocessing = 0;
		};
		8070B01910C64B9AFD0DB550EDE38D6B /* Headers */ = {
			isa = PBXHeadersBuildPhase;
			buildActionMask = 2147483647;
			files = (
				7D3DD4A8BB36733BA15868F7FB8C56CE /* Alamofire-umbrella.h in Headers */,
			);
			runOnlyForDeploymentPostprocessing = 0;
		};
/* End PBXHeadersBuildPhase section */

/* Begin PBXNativeTarget section */
		D118A6A04828FD3CDA8640CD2B6796D2 /* SwiftyJSON */ = {
			isa = PBXNativeTarget;
			buildConfigurationList = 62468BF9C7EDA172E951A24083C3ECA7 /* Build configuration list for PBXNativeTarget "SwiftyJSON" */;
			buildPhases = (
				3D7DD627DB5C5AD636646E57B685AFB2 /* Headers */,
				1700C451C98D9DCECBEDFC5E351C5A9E /* Sources */,
				AD9C5A8DAF4334B670E91B2EC08DBE2C /* Frameworks */,
				D098F7F0080A87A1F472C81FC2F85528 /* Resources */,
			);
			buildRules = (
			);
			dependencies = (
			);
			name = SwiftyJSON;
			productName = SwiftyJSON;
			productReference = E23C076BA70925415F490FEDB215DA92 /* SwiftyJSON.framework */;
			productType = "com.apple.product-type.framework";
		};
		E41296CD26EE7576FF53951BDD222CB7 /* Pods-Contacts */ = {
			isa = PBXNativeTarget;
			buildConfigurationList = 1427B1DAA4684D41BA9EB2AFF1FCDFA8 /* Build configuration list for PBXNativeTarget "Pods-Contacts" */;
			buildPhases = (
				1061BB10C9320F3E4D3573B4FFBDE00C /* Headers */,
				62FEBBB6D1DB38B2FBB2D38F43C2334C /* Sources */,
				95FCCE9237EC898A2CC998E12B6C4691 /* Frameworks */,
				6DCFB6A7E99059CDA5DF50EF8878EE40 /* Resources */,
			);
			buildRules = (
			);
			dependencies = (
				047201B0C561754361321CE9D5616C36 /* PBXTargetDependency */,
				F28B7E0363BBB4C0DB4CC63F4FE89E68 /* PBXTargetDependency */,
				4BE6242B687F39B8FE2993FC62B5F2A6 /* PBXTargetDependency */,
			);
			name = "Pods-Contacts";
			productName = "Pods-Contacts";
			productReference = A18D35DDA2930DAD8089912D85969556 /* Pods_Contacts.framework */;
			productType = "com.apple.product-type.framework";
		};
		EAAA1AD3A8A1B59AB91319EE40752C6D /* Alamofire */ = {
			isa = PBXNativeTarget;
			buildConfigurationList = 78E219AC01CD5AFED663C9AB28280801 /* Build configuration list for PBXNativeTarget "Alamofire" */;
			buildPhases = (
				8070B01910C64B9AFD0DB550EDE38D6B /* Headers */,
				2C8326877F6A9617C2FBE9BD15D95B59 /* Sources */,
				9590D3FE7A79CD7CBEE3F346E8C19D4D /* Frameworks */,
				9BCA7D105D531AE5DAF34FB86A2E623A /* Resources */,
			);
			buildRules = (
			);
			dependencies = (
			);
			name = Alamofire;
			productName = Alamofire;
			productReference = 5D797E9A5C5782CE845840781FA1CC81 /* Alamofire.framework */;
			productType = "com.apple.product-type.framework";
		};
		EB818C20CD2A98FA37CAB3C5A6623BA2 /* JSSAlertView */ = {
			isa = PBXNativeTarget;
			buildConfigurationList = E8C3DE0C52FB995FF3BFCC0552D0398F /* Build configuration list for PBXNativeTarget "JSSAlertView" */;
			buildPhases = (
				09AA2919CEFD1CD452F3229470782F5F /* Headers */,
				2A9E5C4A409079E920E425A46C33CE69 /* Sources */,
				4C0D0305B5FB151B1FCE75C287AC724C /* Frameworks */,
				70B4FD66CADFE27C04492E70B6D8AE86 /* Resources */,
			);
			buildRules = (
			);
			dependencies = (
			);
			name = JSSAlertView;
			productName = JSSAlertView;
			productReference = DFF323B7E2D0BC9906FDF75B8A473ECE /* JSSAlertView.framework */;
			productType = "com.apple.product-type.framework";
		};
/* End PBXNativeTarget section */

/* Begin PBXProject section */
		BFDFE7DC352907FC980B868725387E98 /* Project object */ = {
			isa = PBXProject;
			attributes = {
				LastSwiftUpdateCheck = 1100;
				LastUpgradeCheck = 1100;
			};
			buildConfigurationList = 4821239608C13582E20E6DA73FD5F1F9 /* Build configuration list for PBXProject "Pods" */;
			compatibilityVersion = "Xcode 10.0";
			developmentRegion = en;
			hasScannedForEncodings = 0;
			knownRegions = (
				en,
				Base,
			);
			mainGroup = CF1408CF629C7361332E53B88F7BD30C;
			productRefGroup = 7C69B0AD771BFBBEEBE8D21E4BB205D0 /* Products */;
			projectDirPath = "";
			projectRoot = "";
			targets = (
				EAAA1AD3A8A1B59AB91319EE40752C6D /* Alamofire */,
				EB818C20CD2A98FA37CAB3C5A6623BA2 /* JSSAlertView */,
				E41296CD26EE7576FF53951BDD222CB7 /* Pods-Contacts */,
				D118A6A04828FD3CDA8640CD2B6796D2 /* SwiftyJSON */,
			);
		};
/* End PBXProject section */

/* Begin PBXResourcesBuildPhase section */
		6DCFB6A7E99059CDA5DF50EF8878EE40 /* Resources */ = {
			isa = PBXResourcesBuildPhase;
			buildActionMask = 2147483647;
			files = (
			);
			runOnlyForDeploymentPostprocessing = 0;
		};
		70B4FD66CADFE27C04492E70B6D8AE86 /* Resources */ = {
			isa = PBXResourcesBuildPhase;
			buildActionMask = 2147483647;
			files = (
			);
			runOnlyForDeploymentPostprocessing = 0;
		};
		9BCA7D105D531AE5DAF34FB86A2E623A /* Resources */ = {
			isa = PBXResourcesBuildPhase;
			buildActionMask = 2147483647;
			files = (
			);
			runOnlyForDeploymentPostprocessing = 0;
		};
		D098F7F0080A87A1F472C81FC2F85528 /* Resources */ = {
			isa = PBXResourcesBuildPhase;
			buildActionMask = 2147483647;
			files = (
			);
			runOnlyForDeploymentPostprocessing = 0;
		};
/* End PBXResourcesBuildPhase section */

/* Begin PBXSourcesBuildPhase section */
		1700C451C98D9DCECBEDFC5E351C5A9E /* Sources */ = {
			isa = PBXSourcesBuildPhase;
			buildActionMask = 2147483647;
			files = (
				2BF6FBC0A64BF107C5D64C61F1397770 /* SwiftyJSON-dummy.m in Sources */,
				7B4CE5C84161E2BFE477F42DFD634382 /* SwiftyJSON.swift in Sources */,
			);
			runOnlyForDeploymentPostprocessing = 0;
		};
		2A9E5C4A409079E920E425A46C33CE69 /* Sources */ = {
			isa = PBXSourcesBuildPhase;
			buildActionMask = 2147483647;
			files = (
				BA49478D2EFC73FD5603E4AF8199F78B /* JSSAlertView+Predefined.swift in Sources */,
				9A8CB365F5727DEB4619560067C87948 /* JSSAlertView+Timer.swift in Sources */,
				9F07B2B06B928E4D4DF1EBCFF1238CB0 /* JSSAlertView+UIColor.swift in Sources */,
				ADC6A5509A6C282AABF349DECD2CD3E2 /* JSSAlertView-dummy.m in Sources */,
				E290BEEEF28993C02FA19B53E89923D6 /* JSSAlertView.swift in Sources */,
				A6C65A5FB1D81F36D8DBD1D247FC10D9 /* JSSAlertViewResponder.swift in Sources */,
			);
			runOnlyForDeploymentPostprocessing = 0;
		};
		2C8326877F6A9617C2FBE9BD15D95B59 /* Sources */ = {
			isa = PBXSourcesBuildPhase;
			buildActionMask = 2147483647;
			files = (
				1208E81DA8B532D0646D627B50290EB6 /* AFError.swift in Sources */,
				C6D5A4B4028B2C43380C9FA58BD5C8CA /* Alamofire-dummy.m in Sources */,
				C1F1DB6A9CBDE584D09BA1613AAD4F9D /* Alamofire.swift in Sources */,
				72EC2712926E6D28B52360D9AC41668F /* AlamofireExtended.swift in Sources */,
				DC627AFC5B585686898B014184AFCABD /* AuthenticationInterceptor.swift in Sources */,
				ABA85887A41495358C83CE3F3030EDEA /* CachedResponseHandler.swift in Sources */,
				0A1849775CF90D514963187D3A771CF8 /* Combine.swift in Sources */,
				27E59A11A2743B0595CDE3A08675EAE1 /* DispatchQueue+Alamofire.swift in Sources */,
				6546D728B69398F93B506845141EBD61 /* EventMonitor.swift in Sources */,
				91B837CE0DCD8EDB300FCDFFA1279162 /* HTTPHeaders.swift in Sources */,
				013BAC24F7AC722E59517CB110A9E685 /* HTTPMethod.swift in Sources */,
				45B8CC1C61E7A0BB28CFA8CE7C12FEBC /* MultipartFormData.swift in Sources */,
				D03F1F02DE8606E6057D57866611BEBF /* MultipartUpload.swift in Sources */,
				19D605A3233499828FB6B790869F3E9C /* NetworkReachabilityManager.swift in Sources */,
				8AA937910F87915DE700CAB6C868689E /* Notifications.swift in Sources */,
				0A900DF17E3B64F08AF673E9A0DDD697 /* OperationQueue+Alamofire.swift in Sources */,
				4AEC050FA7D5ED52FDA9DF50EA3560DF /* ParameterEncoder.swift in Sources */,
				D14066FAE94E304798E43651E5886D13 /* ParameterEncoding.swift in Sources */,
				218C14EAE5AA31C30314AE0289B732A0 /* Protected.swift in Sources */,
				666EC5C8356E6D4448A2FE7BEE77AD88 /* RedirectHandler.swift in Sources */,
				EDC93BD7B9262119AE145E4C7A9D0212 /* Request.swift in Sources */,
				6E54F64E8DA73F4B0B46C216F9F93F63 /* RequestInterceptor.swift in Sources */,
				6C08F6A77889651626583100F560153D /* RequestTaskMap.swift in Sources */,
				C1C5B050B55C15103ABC81769551A283 /* Response.swift in Sources */,
				911448B2EDA2FF880108F77642797A88 /* ResponseSerialization.swift in Sources */,
				66B26C6CAE737EC21F4BA1F1851B69C5 /* Result+Alamofire.swift in Sources */,
				9FED70D1E1FBFB80E974E999EF732258 /* RetryPolicy.swift in Sources */,
				47FDBBBD2704901588C3A7C56BBC502D /* ServerTrustEvaluation.swift in Sources */,
				6AE407A4FB6C3D6ADD862CC6E3067A17 /* Session.swift in Sources */,
				381FF05F8B4F611EE9C2FDBE4457BB89 /* SessionDelegate.swift in Sources */,
				212EDC48B68107BEA9247F3464CE696E /* StringEncoding+Alamofire.swift in Sources */,
				9B1D8A7798D8A6F518FC9AF9725431D0 /* URLConvertible+URLRequestConvertible.swift in Sources */,
				D31FC7FDD450C4CDD633ECBAD27C6221 /* URLEncodedFormEncoder.swift in Sources */,
				D5EAAFB6FAD77A8F0699345149BA3CBB /* URLRequest+Alamofire.swift in Sources */,
				F70EF854395CDE981A8336E4FF0310FE /* URLSessionConfiguration+Alamofire.swift in Sources */,
				F0F3224FF592F9BA2A044A2FC2BD4CCD /* Validation.swift in Sources */,
			);
			runOnlyForDeploymentPostprocessing = 0;
		};
		62FEBBB6D1DB38B2FBB2D38F43C2334C /* Sources */ = {
			isa = PBXSourcesBuildPhase;
			buildActionMask = 2147483647;
			files = (
				CBB664C8E942BA54B66E4F2783644CFB /* Pods-Contacts-dummy.m in Sources */,
			);
			runOnlyForDeploymentPostprocessing = 0;
		};
/* End PBXSourcesBuildPhase section */

/* Begin PBXTargetDependency section */
		047201B0C561754361321CE9D5616C36 /* PBXTargetDependency */ = {
			isa = PBXTargetDependency;
			name = Alamofire;
			target = EAAA1AD3A8A1B59AB91319EE40752C6D /* Alamofire */;
			targetProxy = A9518B4E74B05F4AF874CDCDDA5020B7 /* PBXContainerItemProxy */;
		};
		4BE6242B687F39B8FE2993FC62B5F2A6 /* PBXTargetDependency */ = {
			isa = PBXTargetDependency;
			name = SwiftyJSON;
			target = D118A6A04828FD3CDA8640CD2B6796D2 /* SwiftyJSON */;
			targetProxy = 1C7794B902234E2C2A3E24B4AF0BEE67 /* PBXContainerItemProxy */;
		};
		F28B7E0363BBB4C0DB4CC63F4FE89E68 /* PBXTargetDependency */ = {
			isa = PBXTargetDependency;
			name = JSSAlertView;
			target = EB818C20CD2A98FA37CAB3C5A6623BA2 /* JSSAlertView */;
			targetProxy = 9B6F5F48860B1641D173DBEEB8066CF6 /* PBXContainerItemProxy */;
		};
/* End PBXTargetDependency section */

/* Begin XCBuildConfiguration section */
		14A33D5F936B6DC32A8DEA02D2F51C22 /* Release */ = {
			isa = XCBuildConfiguration;
			baseConfigurationReference = ECAC935521F44029D1B15F5C7B17AB1C /* Pods-Contacts.release.xcconfig */;
			buildSettings = {
				ALWAYS_EMBED_SWIFT_STANDARD_LIBRARIES = NO;
				CLANG_ENABLE_OBJC_WEAK = NO;
				"CODE_SIGN_IDENTITY[sdk=appletvos*]" = "";
				"CODE_SIGN_IDENTITY[sdk=iphoneos*]" = "";
				"CODE_SIGN_IDENTITY[sdk=watchos*]" = "";
				CURRENT_PROJECT_VERSION = 1;
				DEFINES_MODULE = YES;
				DYLIB_COMPATIBILITY_VERSION = 1;
				DYLIB_CURRENT_VERSION = 1;
				DYLIB_INSTALL_NAME_BASE = "@rpath";
				INFOPLIST_FILE = "Target Support Files/Pods-Contacts/Pods-Contacts-Info.plist";
				INSTALL_PATH = "$(LOCAL_LIBRARY_DIR)/Frameworks";
				IPHONEOS_DEPLOYMENT_TARGET = 14.4;
				LD_RUNPATH_SEARCH_PATHS = (
					"$(inherited)",
					"@executable_path/Frameworks",
					"@loader_path/Frameworks",
				);
				MACH_O_TYPE = staticlib;
				MODULEMAP_FILE = "Target Support Files/Pods-Contacts/Pods-Contacts.modulemap";
				OTHER_LDFLAGS = "";
				OTHER_LIBTOOLFLAGS = "";
				PODS_ROOT = "$(SRCROOT)";
				PRODUCT_BUNDLE_IDENTIFIER = "org.cocoapods.${PRODUCT_NAME:rfc1034identifier}";
				PRODUCT_NAME = "$(TARGET_NAME:c99extidentifier)";
				SDKROOT = iphoneos;
				SKIP_INSTALL = YES;
				TARGETED_DEVICE_FAMILY = "1,2";
				VALIDATE_PRODUCT = YES;
				VERSIONING_SYSTEM = "apple-generic";
				VERSION_INFO_PREFIX = "";
			};
			name = Release;
		};
		2444D36F2CB5FF3F9469EF5F6322EA10 /* Debug */ = {
			isa = XCBuildConfiguration;
			baseConfigurationReference = DFB4BBE1F3E1336B7B47DE7E1D682714 /* Alamofire.debug.xcconfig */;
			buildSettings = {
				CLANG_ENABLE_OBJC_WEAK = NO;
				"CODE_SIGN_IDENTITY[sdk=appletvos*]" = "";
				"CODE_SIGN_IDENTITY[sdk=iphoneos*]" = "";
				"CODE_SIGN_IDENTITY[sdk=watchos*]" = "";
				CURRENT_PROJECT_VERSION = 1;
				DEFINES_MODULE = YES;
				DYLIB_COMPATIBILITY_VERSION = 1;
				DYLIB_CURRENT_VERSION = 1;
				DYLIB_INSTALL_NAME_BASE = "@rpath";
				GCC_PREFIX_HEADER = "Target Support Files/Alamofire/Alamofire-prefix.pch";
				INFOPLIST_FILE = "Target Support Files/Alamofire/Alamofire-Info.plist";
				INSTALL_PATH = "$(LOCAL_LIBRARY_DIR)/Frameworks";
				IPHONEOS_DEPLOYMENT_TARGET = 10.0;
				LD_RUNPATH_SEARCH_PATHS = (
					"$(inherited)",
					"@executable_path/Frameworks",
					"@loader_path/Frameworks",
				);
				MODULEMAP_FILE = "Target Support Files/Alamofire/Alamofire.modulemap";
				PRODUCT_MODULE_NAME = Alamofire;
				PRODUCT_NAME = Alamofire;
				SDKROOT = iphoneos;
				SKIP_INSTALL = YES;
				SWIFT_ACTIVE_COMPILATION_CONDITIONS = "$(inherited) ";
				SWIFT_VERSION = 5.3;
				TARGETED_DEVICE_FAMILY = "1,2";
				VERSIONING_SYSTEM = "apple-generic";
				VERSION_INFO_PREFIX = "";
			};
			name = Debug;
		};
		501C4DDF76F727E13770D67E891EDEF3 /* Release */ = {
			isa = XCBuildConfiguration;
			baseConfigurationReference = F3CE32F5D30B471E34CBA3AA9BCDA6C2 /* SwiftyJSON.release.xcconfig */;
			buildSettings = {
				"CODE_SIGN_IDENTITY[sdk=appletvos*]" = "";
				"CODE_SIGN_IDENTITY[sdk=iphoneos*]" = "";
				"CODE_SIGN_IDENTITY[sdk=watchos*]" = "";
				CURRENT_PROJECT_VERSION = 1;
				DEFINES_MODULE = YES;
				DYLIB_COMPATIBILITY_VERSION = 1;
				DYLIB_CURRENT_VERSION = 1;
				DYLIB_INSTALL_NAME_BASE = "@rpath";
				GCC_PREFIX_HEADER = "Target Support Files/SwiftyJSON/SwiftyJSON-prefix.pch";
				INFOPLIST_FILE = "Target Support Files/SwiftyJSON/SwiftyJSON-Info.plist";
				INSTALL_PATH = "$(LOCAL_LIBRARY_DIR)/Frameworks";
				IPHONEOS_DEPLOYMENT_TARGET = 8.0;
				LD_RUNPATH_SEARCH_PATHS = (
					"$(inherited)",
					"@executable_path/Frameworks",
					"@loader_path/Frameworks",
				);
				MODULEMAP_FILE = "Target Support Files/SwiftyJSON/SwiftyJSON.modulemap";
				PRODUCT_MODULE_NAME = SwiftyJSON;
				PRODUCT_NAME = SwiftyJSON;
				SDKROOT = iphoneos;
				SKIP_INSTALL = YES;
				SWIFT_ACTIVE_COMPILATION_CONDITIONS = "$(inherited) ";
				SWIFT_VERSION = 5.0;
				TARGETED_DEVICE_FAMILY = "1,2";
				VALIDATE_PRODUCT = YES;
				VERSIONING_SYSTEM = "apple-generic";
				VERSION_INFO_PREFIX = "";
			};
			name = Release;
		};
		5A8C8B76130FA7014EF1DB7FFF8CE3E8 /* Release */ = {
			isa = XCBuildConfiguration;
			baseConfigurationReference = AF118948FB929B4A54D54FDFC2AE7D78 /* JSSAlertView.release.xcconfig */;
			buildSettings = {
				"CODE_SIGN_IDENTITY[sdk=appletvos*]" = "";
				"CODE_SIGN_IDENTITY[sdk=iphoneos*]" = "";
				"CODE_SIGN_IDENTITY[sdk=watchos*]" = "";
				CURRENT_PROJECT_VERSION = 1;
				DEFINES_MODULE = YES;
				DYLIB_COMPATIBILITY_VERSION = 1;
				DYLIB_CURRENT_VERSION = 1;
				DYLIB_INSTALL_NAME_BASE = "@rpath";
				GCC_PREFIX_HEADER = "Target Support Files/JSSAlertView/JSSAlertView-prefix.pch";
				INFOPLIST_FILE = "Target Support Files/JSSAlertView/JSSAlertView-Info.plist";
				INSTALL_PATH = "$(LOCAL_LIBRARY_DIR)/Frameworks";
				IPHONEOS_DEPLOYMENT_TARGET = 8.0;
				LD_RUNPATH_SEARCH_PATHS = (
					"$(inherited)",
					"@executable_path/Frameworks",
					"@loader_path/Frameworks",
				);
				MODULEMAP_FILE = "Target Support Files/JSSAlertView/JSSAlertView.modulemap";
				PRODUCT_MODULE_NAME = JSSAlertView;
				PRODUCT_NAME = JSSAlertView;
				SDKROOT = iphoneos;
				SKIP_INSTALL = YES;
				SWIFT_ACTIVE_COMPILATION_CONDITIONS = "$(inherited) ";
				SWIFT_VERSION = 5.0;
				TARGETED_DEVICE_FAMILY = "1,2";
				VALIDATE_PRODUCT = YES;
				VERSIONING_SYSTEM = "apple-generic";
				VERSION_INFO_PREFIX = "";
			};
			name = Release;
		};
		71243899B61152433AAE34EE86456EE7 /* Release */ = {
			isa = XCBuildConfiguration;
			buildSettings = {
				ALWAYS_SEARCH_USER_PATHS = NO;
				CLANG_ANALYZER_LOCALIZABILITY_NONLOCALIZED = YES;
				CLANG_ANALYZER_NONNULL = YES;
				CLANG_ANALYZER_NUMBER_OBJECT_CONVERSION = YES_AGGRESSIVE;
				CLANG_CXX_LANGUAGE_STANDARD = "gnu++14";
				CLANG_CXX_LIBRARY = "libc++";
				CLANG_ENABLE_MODULES = YES;
				CLANG_ENABLE_OBJC_ARC = YES;
				CLANG_ENABLE_OBJC_WEAK = YES;
				CLANG_WARN_BLOCK_CAPTURE_AUTORELEASING = YES;
				CLANG_WARN_BOOL_CONVERSION = YES;
				CLANG_WARN_COMMA = YES;
				CLANG_WARN_CONSTANT_CONVERSION = YES;
				CLANG_WARN_DEPRECATED_OBJC_IMPLEMENTATIONS = YES;
				CLANG_WARN_DIRECT_OBJC_ISA_USAGE = YES_ERROR;
				CLANG_WARN_DOCUMENTATION_COMMENTS = YES;
				CLANG_WARN_EMPTY_BODY = YES;
				CLANG_WARN_ENUM_CONVERSION = YES;
				CLANG_WARN_INFINITE_RECURSION = YES;
				CLANG_WARN_INT_CONVERSION = YES;
				CLANG_WARN_NON_LITERAL_NULL_CONVERSION = YES;
				CLANG_WARN_OBJC_IMPLICIT_RETAIN_SELF = YES;
				CLANG_WARN_OBJC_LITERAL_CONVERSION = YES;
				CLANG_WARN_OBJC_ROOT_CLASS = YES_ERROR;
				CLANG_WARN_QUOTED_INCLUDE_IN_FRAMEWORK_HEADER = YES;
				CLANG_WARN_RANGE_LOOP_ANALYSIS = YES;
				CLANG_WARN_STRICT_PROTOTYPES = YES;
				CLANG_WARN_SUSPICIOUS_MOVE = YES;
				CLANG_WARN_UNGUARDED_AVAILABILITY = YES_AGGRESSIVE;
				CLANG_WARN_UNREACHABLE_CODE = YES;
				CLANG_WARN__DUPLICATE_METHOD_MATCH = YES;
				COPY_PHASE_STRIP = NO;
				DEBUG_INFORMATION_FORMAT = "dwarf-with-dsym";
				ENABLE_NS_ASSERTIONS = NO;
				ENABLE_STRICT_OBJC_MSGSEND = YES;
				GCC_C_LANGUAGE_STANDARD = gnu11;
				GCC_NO_COMMON_BLOCKS = YES;
				GCC_PREPROCESSOR_DEFINITIONS = (
					"POD_CONFIGURATION_RELEASE=1",
					"$(inherited)",
				);
				GCC_WARN_64_TO_32_BIT_CONVERSION = YES;
				GCC_WARN_ABOUT_RETURN_TYPE = YES_ERROR;
				GCC_WARN_UNDECLARED_SELECTOR = YES;
				GCC_WARN_UNINITIALIZED_AUTOS = YES_AGGRESSIVE;
				GCC_WARN_UNUSED_FUNCTION = YES;
				GCC_WARN_UNUSED_VARIABLE = YES;
				IPHONEOS_DEPLOYMENT_TARGET = 14.4;
				MTL_ENABLE_DEBUG_INFO = NO;
				MTL_FAST_MATH = YES;
				PRODUCT_NAME = "$(TARGET_NAME)";
				STRIP_INSTALLED_PRODUCT = NO;
				SWIFT_COMPILATION_MODE = wholemodule;
				SWIFT_OPTIMIZATION_LEVEL = "-O";
				SWIFT_VERSION = 5.0;
				SYMROOT = "${SRCROOT}/../build";
			};
			name = Release;
		};
		75D70EEEA0A456E14F7338A7F342964E /* Debug */ = {
			isa = XCBuildConfiguration;
			buildSettings = {
				ALWAYS_SEARCH_USER_PATHS = NO;
				CLANG_ANALYZER_LOCALIZABILITY_NONLOCALIZED = YES;
				CLANG_ANALYZER_NONNULL = YES;
				CLANG_ANALYZER_NUMBER_OBJECT_CONVERSION = YES_AGGRESSIVE;
				CLANG_CXX_LANGUAGE_STANDARD = "gnu++14";
				CLANG_CXX_LIBRARY = "libc++";
				CLANG_ENABLE_MODULES = YES;
				CLANG_ENABLE_OBJC_ARC = YES;
				CLANG_ENABLE_OBJC_WEAK = YES;
				CLANG_WARN_BLOCK_CAPTURE_AUTORELEASING = YES;
				CLANG_WARN_BOOL_CONVERSION = YES;
				CLANG_WARN_COMMA = YES;
				CLANG_WARN_CONSTANT_CONVERSION = YES;
				CLANG_WARN_DEPRECATED_OBJC_IMPLEMENTATIONS = YES;
				CLANG_WARN_DIRECT_OBJC_ISA_USAGE = YES_ERROR;
				CLANG_WARN_DOCUMENTATION_COMMENTS = YES;
				CLANG_WARN_EMPTY_BODY = YES;
				CLANG_WARN_ENUM_CONVERSION = YES;
				CLANG_WARN_INFINITE_RECURSION = YES;
				CLANG_WARN_INT_CONVERSION = YES;
				CLANG_WARN_NON_LITERAL_NULL_CONVERSION = YES;
				CLANG_WARN_OBJC_IMPLICIT_RETAIN_SELF = YES;
				CLANG_WARN_OBJC_LITERAL_CONVERSION = YES;
				CLANG_WARN_OBJC_ROOT_CLASS = YES_ERROR;
				CLANG_WARN_QUOTED_INCLUDE_IN_FRAMEWORK_HEADER = YES;
				CLANG_WARN_RANGE_LOOP_ANALYSIS = YES;
				CLANG_WARN_STRICT_PROTOTYPES = YES;
				CLANG_WARN_SUSPICIOUS_MOVE = YES;
				CLANG_WARN_UNGUARDED_AVAILABILITY = YES_AGGRESSIVE;
				CLANG_WARN_UNREACHABLE_CODE = YES;
				CLANG_WARN__DUPLICATE_METHOD_MATCH = YES;
				COPY_PHASE_STRIP = NO;
				DEBUG_INFORMATION_FORMAT = dwarf;
				ENABLE_STRICT_OBJC_MSGSEND = YES;
				ENABLE_TESTABILITY = YES;
				GCC_C_LANGUAGE_STANDARD = gnu11;
				GCC_DYNAMIC_NO_PIC = NO;
				GCC_NO_COMMON_BLOCKS = YES;
				GCC_OPTIMIZATION_LEVEL = 0;
				GCC_PREPROCESSOR_DEFINITIONS = (
					"POD_CONFIGURATION_DEBUG=1",
					"DEBUG=1",
					"$(inherited)",
				);
				GCC_WARN_64_TO_32_BIT_CONVERSION = YES;
				GCC_WARN_ABOUT_RETURN_TYPE = YES_ERROR;
				GCC_WARN_UNDECLARED_SELECTOR = YES;
				GCC_WARN_UNINITIALIZED_AUTOS = YES_AGGRESSIVE;
				GCC_WARN_UNUSED_FUNCTION = YES;
				GCC_WARN_UNUSED_VARIABLE = YES;
				IPHONEOS_DEPLOYMENT_TARGET = 14.4;
				MTL_ENABLE_DEBUG_INFO = INCLUDE_SOURCE;
				MTL_FAST_MATH = YES;
				ONLY_ACTIVE_ARCH = YES;
				PRODUCT_NAME = "$(TARGET_NAME)";
				STRIP_INSTALLED_PRODUCT = NO;
				SWIFT_ACTIVE_COMPILATION_CONDITIONS = DEBUG;
				SWIFT_OPTIMIZATION_LEVEL = "-Onone";
				SWIFT_VERSION = 5.0;
				SYMROOT = "${SRCROOT}/../build";
			};
			name = Debug;
		};
		8C3D5D7DA96F3E611A4F841BF5D0A136 /* Debug */ = {
			isa = XCBuildConfiguration;
			baseConfigurationReference = D748D1FE935A2F051EEE6E4334F22638 /* JSSAlertView.debug.xcconfig */;
			buildSettings = {
				"CODE_SIGN_IDENTITY[sdk=appletvos*]" = "";
				"CODE_SIGN_IDENTITY[sdk=iphoneos*]" = "";
				"CODE_SIGN_IDENTITY[sdk=watchos*]" = "";
				CURRENT_PROJECT_VERSION = 1;
				DEFINES_MODULE = YES;
				DYLIB_COMPATIBILITY_VERSION = 1;
				DYLIB_CURRENT_VERSION = 1;
				DYLIB_INSTALL_NAME_BASE = "@rpath";
				GCC_PREFIX_HEADER = "Target Support Files/JSSAlertView/JSSAlertView-prefix.pch";
				INFOPLIST_FILE = "Target Support Files/JSSAlertView/JSSAlertView-Info.plist";
				INSTALL_PATH = "$(LOCAL_LIBRARY_DIR)/Frameworks";
				IPHONEOS_DEPLOYMENT_TARGET = 8.0;
				LD_RUNPATH_SEARCH_PATHS = (
					"$(inherited)",
					"@executable_path/Frameworks",
					"@loader_path/Frameworks",
				);
				MODULEMAP_FILE = "Target Support Files/JSSAlertView/JSSAlertView.modulemap";
				PRODUCT_MODULE_NAME = JSSAlertView;
				PRODUCT_NAME = JSSAlertView;
				SDKROOT = iphoneos;
				SKIP_INSTALL = YES;
				SWIFT_ACTIVE_COMPILATION_CONDITIONS = "$(inherited) ";
				SWIFT_VERSION = 5.0;
				TARGETED_DEVICE_FAMILY = "1,2";
				VERSIONING_SYSTEM = "apple-generic";
				VERSION_INFO_PREFIX = "";
			};
			name = Debug;
		};
		9B66E952E27F29569285AB82461A2F34 /* Release */ = {
			isa = XCBuildConfiguration;
			baseConfigurationReference = 678363C3ECE96EE0C2091391B583E955 /* Alamofire.release.xcconfig */;
			buildSettings = {
				CLANG_ENABLE_OBJC_WEAK = NO;
				"CODE_SIGN_IDENTITY[sdk=appletvos*]" = "";
				"CODE_SIGN_IDENTITY[sdk=iphoneos*]" = "";
				"CODE_SIGN_IDENTITY[sdk=watchos*]" = "";
				CURRENT_PROJECT_VERSION = 1;
				DEFINES_MODULE = YES;
				DYLIB_COMPATIBILITY_VERSION = 1;
				DYLIB_CURRENT_VERSION = 1;
				DYLIB_INSTALL_NAME_BASE = "@rpath";
				GCC_PREFIX_HEADER = "Target Support Files/Alamofire/Alamofire-prefix.pch";
				INFOPLIST_FILE = "Target Support Files/Alamofire/Alamofire-Info.plist";
				INSTALL_PATH = "$(LOCAL_LIBRARY_DIR)/Frameworks";
				IPHONEOS_DEPLOYMENT_TARGET = 10.0;
				LD_RUNPATH_SEARCH_PATHS = (
					"$(inherited)",
					"@executable_path/Frameworks",
					"@loader_path/Frameworks",
				);
				MODULEMAP_FILE = "Target Support Files/Alamofire/Alamofire.modulemap";
				PRODUCT_MODULE_NAME = Alamofire;
				PRODUCT_NAME = Alamofire;
				SDKROOT = iphoneos;
				SKIP_INSTALL = YES;
				SWIFT_ACTIVE_COMPILATION_CONDITIONS = "$(inherited) ";
				SWIFT_VERSION = 5.3;
				TARGETED_DEVICE_FAMILY = "1,2";
				VALIDATE_PRODUCT = YES;
				VERSIONING_SYSTEM = "apple-generic";
				VERSION_INFO_PREFIX = "";
			};
			name = Release;
		};
		A6D1856327C32BF7B667BB2BEEAC10FA /* Debug */ = {
			isa = XCBuildConfiguration;
			baseConfigurationReference = 9099BBA405B0C0ABDF51941137D5E11D /* SwiftyJSON.debug.xcconfig */;
			buildSettings = {
				"CODE_SIGN_IDENTITY[sdk=appletvos*]" = "";
				"CODE_SIGN_IDENTITY[sdk=iphoneos*]" = "";
				"CODE_SIGN_IDENTITY[sdk=watchos*]" = "";
				CURRENT_PROJECT_VERSION = 1;
				DEFINES_MODULE = YES;
				DYLIB_COMPATIBILITY_VERSION = 1;
				DYLIB_CURRENT_VERSION = 1;
				DYLIB_INSTALL_NAME_BASE = "@rpath";
				GCC_PREFIX_HEADER = "Target Support Files/SwiftyJSON/SwiftyJSON-prefix.pch";
				INFOPLIST_FILE = "Target Support Files/SwiftyJSON/SwiftyJSON-Info.plist";
				INSTALL_PATH = "$(LOCAL_LIBRARY_DIR)/Frameworks";
				IPHONEOS_DEPLOYMENT_TARGET = 8.0;
				LD_RUNPATH_SEARCH_PATHS = (
					"$(inherited)",
					"@executable_path/Frameworks",
					"@loader_path/Frameworks",
				);
				MODULEMAP_FILE = "Target Support Files/SwiftyJSON/SwiftyJSON.modulemap";
				PRODUCT_MODULE_NAME = SwiftyJSON;
				PRODUCT_NAME = SwiftyJSON;
				SDKROOT = iphoneos;
				SKIP_INSTALL = YES;
				SWIFT_ACTIVE_COMPILATION_CONDITIONS = "$(inherited) ";
				SWIFT_VERSION = 5.0;
				TARGETED_DEVICE_FAMILY = "1,2";
				VERSIONING_SYSTEM = "apple-generic";
				VERSION_INFO_PREFIX = "";
			};
			name = Debug;
		};
		C88DF88FFD967F8FA89F9E2D2D547A53 /* Debug */ = {
			isa = XCBuildConfiguration;
			baseConfigurationReference = BFCAE6FD846C129995DC09E21D1ACDBD /* Pods-Contacts.debug.xcconfig */;
			buildSettings = {
				ALWAYS_EMBED_SWIFT_STANDARD_LIBRARIES = NO;
				CLANG_ENABLE_OBJC_WEAK = NO;
				"CODE_SIGN_IDENTITY[sdk=appletvos*]" = "";
				"CODE_SIGN_IDENTITY[sdk=iphoneos*]" = "";
				"CODE_SIGN_IDENTITY[sdk=watchos*]" = "";
				CURRENT_PROJECT_VERSION = 1;
				DEFINES_MODULE = YES;
				DYLIB_COMPATIBILITY_VERSION = 1;
				DYLIB_CURRENT_VERSION = 1;
				DYLIB_INSTALL_NAME_BASE = "@rpath";
				INFOPLIST_FILE = "Target Support Files/Pods-Contacts/Pods-Contacts-Info.plist";
				INSTALL_PATH = "$(LOCAL_LIBRARY_DIR)/Frameworks";
				IPHONEOS_DEPLOYMENT_TARGET = 14.4;
				LD_RUNPATH_SEARCH_PATHS = (
					"$(inherited)",
					"@executable_path/Frameworks",
					"@loader_path/Frameworks",
				);
				MACH_O_TYPE = staticlib;
				MODULEMAP_FILE = "Target Support Files/Pods-Contacts/Pods-Contacts.modulemap";
				OTHER_LDFLAGS = "";
				OTHER_LIBTOOLFLAGS = "";
				PODS_ROOT = "$(SRCROOT)";
				PRODUCT_BUNDLE_IDENTIFIER = "org.cocoapods.${PRODUCT_NAME:rfc1034identifier}";
				PRODUCT_NAME = "$(TARGET_NAME:c99extidentifier)";
				SDKROOT = iphoneos;
				SKIP_INSTALL = YES;
				TARGETED_DEVICE_FAMILY = "1,2";
				VERSIONING_SYSTEM = "apple-generic";
				VERSION_INFO_PREFIX = "";
			};
			name = Debug;
		};
/* End XCBuildConfiguration section */

/* Begin XCConfigurationList section */
		1427B1DAA4684D41BA9EB2AFF1FCDFA8 /* Build configuration list for PBXNativeTarget "Pods-Contacts" */ = {
			isa = XCConfigurationList;
			buildConfigurations = (
				C88DF88FFD967F8FA89F9E2D2D547A53 /* Debug */,
				14A33D5F936B6DC32A8DEA02D2F51C22 /* Release */,
			);
			defaultConfigurationIsVisible = 0;
			defaultConfigurationName = Release;
		};
		4821239608C13582E20E6DA73FD5F1F9 /* Build configuration list for PBXProject "Pods" */ = {
			isa = XCConfigurationList;
			buildConfigurations = (
				75D70EEEA0A456E14F7338A7F342964E /* Debug */,
				71243899B61152433AAE34EE86456EE7 /* Release */,
			);
			defaultConfigurationIsVisible = 0;
			defaultConfigurationName = Release;
		};
		62468BF9C7EDA172E951A24083C3ECA7 /* Build configuration list for PBXNativeTarget "SwiftyJSON" */ = {
			isa = XCConfigurationList;
			buildConfigurations = (
				A6D1856327C32BF7B667BB2BEEAC10FA /* Debug */,
				501C4DDF76F727E13770D67E891EDEF3 /* Release */,
			);
			defaultConfigurationIsVisible = 0;
			defaultConfigurationName = Release;
		};
		78E219AC01CD5AFED663C9AB28280801 /* Build configuration list for PBXNativeTarget "Alamofire" */ = {
			isa = XCConfigurationList;
			buildConfigurations = (
				2444D36F2CB5FF3F9469EF5F6322EA10 /* Debug */,
				9B66E952E27F29569285AB82461A2F34 /* Release */,
			);
			defaultConfigurationIsVisible = 0;
			defaultConfigurationName = Release;
		};
		E8C3DE0C52FB995FF3BFCC0552D0398F /* Build configuration list for PBXNativeTarget "JSSAlertView" */ = {
			isa = XCConfigurationList;
			buildConfigurations = (
				8C3D5D7DA96F3E611A4F841BF5D0A136 /* Debug */,
				5A8C8B76130FA7014EF1DB7FFF8CE3E8 /* Release */,
			);
			defaultConfigurationIsVisible = 0;
			defaultConfigurationName = Release;
		};
/* End XCConfigurationList section */
	};
	rootObject = BFDFE7DC352907FC980B868725387E98 /* Project object */;
}
